
Microsoft Visual Studio Solution File, Format Version 12.00
# Visual Studio Version 17
VisualStudioVersion = 17.14.37328.6 d17.14
MinimumVisualStudioVersion = 10.0.40219.1
Project("{FAE04EC0-301F-11D3-BF4B-00C04F79EFBC}") = "MedicineInventory.Api", "MedicineInventory.Api.csproj", "{5A8979A7-3070-120C-8F33-CF1E0A0BCBF8}"
EndProject
Global
	GlobalSection(SolutionConfigurationPlatforms) = preSolution
		Debug|Any CPU = Debug|Any CPU
		Release|Any CPU = Release|Any CPU
	EndGlobalSection
	GlobalSection(ProjectConfigurationPlatforms) = postSolution
		{5A8979A7-3070-120C-8F33-CF1E0A0BCBF8}.Debug|Any CPU.ActiveCfg = Debug|Any CPU
		{5A8979A7-3070-120C-8F33-CF1E0A0BCBF8}.Debug|Any CPU.Build.0 = Debug|Any CPU
		{5A8979A7-3070-120C-8F33-CF1E0A0BCBF8}.Release|Any CPU.ActiveCfg = Release|Any CPU
		{5A8979A7-3070-120C-8F33-CF1E0A0BCBF8}.Release|Any CPU.Build.0 = Release|Any CPU
	EndGlobalSection
	GlobalSection(SolutionProperties) = preSolution
		HideSolutionNode = FALSE
	EndGlobalSection
	GlobalSection(ExtensibilityGlobals) = postSolution
		SolutionGuid = {0EEA75D6-4BEA-4C1F-A51D-5CFF42A70A34}
	EndGlobalSection
EndGlobal
